
Microsoft Visual Studio Solution File, Format Version 12.00
# Visual Studio Version 17
VisualStudioVersion = 17.5.33516.290
MinimumVisualStudioVersion = 10.0.40219.1
Project("{FAE04EC0-301F-11D3-BF4B-00C04F79EFBC}") = "SinasWebApp", "SinasWebApp.csproj", "{954C4B16-B73B-4A12-A333-38720705E629}"
EndProject
Global
	GlobalSection(SolutionConfigurationPlatforms) = preSolution
		Debug|Any CPU = Debug|Any CPU
		Release|Any CPU = Release|Any CPU
	EndGlobalSection
	GlobalSection(ProjectConfigurationPlatforms) = postSolution
		{954C4B16-B73B-4A12-A333-38720705E629}.Debug|Any CPU.ActiveCfg = Debug|Any CPU
		{954C4B16-B73B-4A12-A333-38720705E629}.Debug|Any CPU.Build.0 = Debug|Any CPU
		{954C4B16-B73B-4A12-A333-38720705E629}.Release|Any CPU.ActiveCfg = Release|Any CPU
		{954C4B16-B73B-4A12-A333-38720705E629}.Release|Any CPU.Build.0 = Release|Any CPU
	EndGlobalSection
	GlobalSection(SolutionProperties) = preSolution
		HideSolutionNode = FALSE
	EndGlobalSection
	GlobalSection(ExtensibilityGlobals) = postSolution
		SolutionGuid = {54912210-C692-4AAF-B12A-03835C8D9F1C}
	EndGlobalSection
EndGlobal
